{
  "name": "ppl-product-suite",
  "version": "1.0.0-dev.5",
  "lockfileVersion": 3,
  "requires": true,
  "packages": {
    "": {
      "name": "ppl-product-suite",
      "version": "1.0.0-dev.5",
      "workspaces": [
        "platform/*",
        "product/*"
      ],
      "engines": {
        "node": ">=22.16"
      }
    },
    "node_modules/@ppl/host-binding-life": {
      "version": "0.1.1",
      "resolved": "file:dist/npm/ppl-host-binding-life-0.1.1.tgz",
      "integrity": "sha512-bk1ivo9eiRHgNZjo5oCBZuyBZFa4e+6njJoFuqPhKo2mcpHJ5uYsdHorHkZYtrzAN44MRl1Z1xAYGET4x/XNuA==",
      "peerDependencies": {
        "ppl-llm-host-adapter": "^0.1.11 || >=0.1.12-rc.1 <0.2.0"
      }
    },
    "node_modules/@ppl/multi-agent-governance": {
      "version": "0.1.0",
      "resolved": "file:dist/npm/ppl-multi-agent-governance-0.1.0.tgz",
      "integrity": "sha512-a5+MDM75GLgZmtRzvZefn5iqEUTeoX6mggu2OkJN6Jz/WwanhL/d0xnds6VCQgGJJbBJ3MBSqJdsD4euEoxAkg==",
      "license": "MIT",
      "bin": {
        "ppl-mag": "bin/ppl-mag.mjs"
      }
    },
    "node_modules/@ppl/platform-core": {
      "resolved": "platform/core",
      "link": true
    },
    "node_modules/@ppl/platform-execution": {
      "resolved": "platform/execution",
      "link": true
    },
    "node_modules/@ppl/product-agent-governance": {
      "resolved": "product/agent-governance",
      "link": true
    },
    "node_modules/@ppl/product-character-governance": {
      "resolved": "product/character-governance",
      "link": true
    },
    "node_modules/@ppl/product-life-governance": {
      "resolved": "product/life-governance",
      "link": true
    },
    "node_modules/@ppl/product-observatory": {
      "resolved": "product/observatory",
      "link": true
    },
    "node_modules/@ppl/product-platform-gateway": {
      "resolved": "product/platform-gateway",
      "link": true
    },
    "node_modules/@ppl/product-research-governance": {
      "resolved": "product/research-governance",
      "link": true
    },
    "node_modules/@ppl/product-tutor-governance": {
      "resolved": "product/tutor-governance",
      "link": true
    },
    "node_modules/@ppl/profile-core": {
      "version": "0.2.0",
      "resolved": "file:components/foundation/profiles/dist/npm/ppl-profile-core-0.2.0.tgz",
      "integrity": "sha512-kjedlSPohxw3G4ctlXRQwlEtaqhOUD9pW21aX0/Q6gl2yeEAzmrnmb1R7nCcAYZWtnkBk6OpUmvy5CDFGu/C+g=="
    },
    "node_modules/@ppl/profile-tutor": {
      "version": "0.2.0",
      "resolved": "file:components/foundation/profiles/dist/npm/ppl-profile-tutor-0.2.0.tgz",
      "integrity": "sha512-ZuvQ6TExYJ/VkFgEeDeaLd4XHWobYWUUZqRzZy67bxe7t4cpzVk5Zb9AUfITZ+vvilBmVFJSEr30kJ7ket5HmA==",
      "dependencies": {
        "@ppl/profile-core": "0.2.0"
      }
    },
    "node_modules/ppl-llm-host-adapter": {
      "version": "0.1.13",
      "resolved": "file:dist/npm/ppl-llm-host-adapter-0.1.13.tgz",
      "integrity": "sha512-guwaUR+DEui5Or2Tswt5qCkjfucN9G0w8b1awxoET48gSxUQYg9hhO3lWkgUPM87SzXlPkGOB6AIxqYjsAt5Gw==",
      "bundleDependencies": [
        "@ppl/profile-core",
        "@ppl/profile-runtime",
        "@ppl/profile-tutor",
        "@ppl/profile-research",
        "@ppl/experience-rule-evolution"
      ],
      "dependencies": {
        "@ppl/experience-rule-evolution": "file:vendor/npm/ppl-experience-rule-evolution-0.1.0.tgz",
        "@ppl/profile-core": "file:vendor/npm/ppl-profile-core-0.2.0.tgz",
        "@ppl/profile-research": "file:vendor/npm/ppl-profile-research-0.2.0.tgz",
        "@ppl/profile-runtime": "file:vendor/npm/ppl-profile-runtime-0.2.0.tgz",
        "@ppl/profile-tutor": "file:vendor/npm/ppl-profile-tutor-0.2.0.tgz"
      }
    },
    "node_modules/ppl-llm-host-adapter/node_modules/@ppl/experience-rule-evolution": {
      "version": "0.1.0",
      "inBundle": true,
      "bin": {
        "ppl-experience-rule-inspect": "bin/inspect-rule.mjs"
      }
    },
    "node_modules/ppl-llm-host-adapter/node_modules/@ppl/profile-core": {
      "version": "0.2.0",
      "inBundle": true
    },
    "node_modules/ppl-llm-host-adapter/node_modules/@ppl/profile-research": {
      "version": "0.2.0",
      "inBundle": true,
      "dependencies": {
        "@ppl/profile-core": "0.2.0"
      }
    },
    "node_modules/ppl-llm-host-adapter/node_modules/@ppl/profile-runtime": {
      "version": "0.2.0",
      "inBundle": true,
      "dependencies": {
        "@ppl/profile-core": "0.2.0",
        "@ppl/profile-research": "0.2.0",
        "@ppl/profile-tutor": "0.2.0"
      }
    },
    "node_modules/ppl-llm-host-adapter/node_modules/@ppl/profile-tutor": {
      "version": "0.2.0",
      "inBundle": true,
      "dependencies": {
        "@ppl/profile-core": "0.2.0"
      }
    },
    "platform/core": {
      "name": "@ppl/platform-core",
      "version": "1.0.0-dev.5",
      "engines": {
        "node": ">=22.16"
      }
    },
    "platform/execution": {
      "name": "@ppl/platform-execution",
      "version": "1.0.0-dev.5",
      "dependencies": {
        "@ppl/platform-core": "1.0.0-dev.5",
        "ppl-llm-host-adapter": "file:../../dist/npm/ppl-llm-host-adapter-0.1.13.tgz"
      },
      "engines": {
        "node": ">=22.16"
      }
    },
    "product/agent-governance": {
      "name": "@ppl/product-agent-governance",
      "version": "1.0.0-dev.5",
      "dependencies": {
        "@ppl/multi-agent-governance": "file:../../dist/npm/ppl-multi-agent-governance-0.1.0.tgz",
        "@ppl/platform-core": "1.0.0-dev.5",
        "@ppl/platform-execution": "1.0.0-dev.5"
      },
      "engines": {
        "node": ">=22.16"
      }
    },
    "product/character-governance": {
      "name": "@ppl/product-character-governance",
      "version": "1.0.0-dev.5",
      "dependencies": {
        "@ppl/platform-core": "1.0.0-dev.5",
        "@ppl/profile-core": "file:../../components/foundation/profiles/dist/npm/ppl-profile-core-0.2.0.tgz"
      },
      "engines": {
        "node": ">=22.16"
      }
    },
    "product/life-governance": {
      "name": "@ppl/product-life-governance",
      "version": "1.0.0-dev.5",
      "dependencies": {
        "@ppl/host-binding-life": "file:../../dist/npm/ppl-host-binding-life-0.1.1.tgz",
        "@ppl/platform-core": "1.0.0-dev.5",
        "ppl-llm-host-adapter": "file:../../dist/npm/ppl-llm-host-adapter-0.1.13.tgz"
      },
      "engines": {
        "node": ">=22.16"
      }
    },
    "product/observatory": {
      "name": "@ppl/product-observatory",
      "version": "1.0.0-dev.5",
      "dependencies": {
        "@ppl/platform-core": "1.0.0-dev.5"
      },
      "engines": {
        "node": ">=22.16"
      }
    },
    "product/platform-gateway": {
      "name": "@ppl/product-platform-gateway",
      "version": "1.0.0-dev.5",
      "dependencies": {
        "@ppl/platform-core": "1.0.0-dev.5",
        "@ppl/platform-execution": "1.0.0-dev.5",
        "@ppl/product-agent-governance": "1.0.0-dev.5",
        "@ppl/product-character-governance": "1.0.0-dev.5",
        "@ppl/product-life-governance": "1.0.0-dev.5",
        "@ppl/product-observatory": "1.0.0-dev.5",
        "@ppl/product-research-governance": "1.0.0-dev.5",
        "@ppl/product-tutor-governance": "1.0.0-dev.5"
      },
      "engines": {
        "node": ">=22.16"
      }
    },
    "product/research-governance": {
      "name": "@ppl/product-research-governance",
      "version": "1.0.0-dev.5",
      "dependencies": {
        "@ppl/multi-agent-governance": "file:../../dist/npm/ppl-multi-agent-governance-0.1.0.tgz",
        "@ppl/platform-core": "1.0.0-dev.5",
        "@ppl/platform-execution": "1.0.0-dev.5"
      },
      "engines": {
        "node": ">=22.16"
      }
    },
    "product/tutor-governance": {
      "name": "@ppl/product-tutor-governance",
      "version": "1.0.0-dev.5",
      "dependencies": {
        "@ppl/platform-core": "1.0.0-dev.5",
        "@ppl/profile-core": "file:../../components/foundation/profiles/dist/npm/ppl-profile-core-0.2.0.tgz",
        "@ppl/profile-tutor": "file:../../components/foundation/profiles/dist/npm/ppl-profile-tutor-0.2.0.tgz"
      },
      "engines": {
        "node": ">=22.16"
      }
    }
  }
}
