{
  "name": "@ppl/provider-openai-compatible-local",
  "version": "0.1.0-rc.2",
  "lockfileVersion": 3,
  "requires": true,
  "packages": {
    "": {
      "name": "@ppl/provider-openai-compatible-local",
      "version": "0.1.0-rc.2",
      "dependencies": {
        "ppl-llm-host-adapter": "file:vendor/ppl-llm-host-adapter-0.1.0.tgz"
      }
    },
    "node_modules/ppl-llm-host-adapter": {
      "version": "0.1.0",
      "resolved": "file:vendor/ppl-llm-host-adapter-0.1.0.tgz",
      "integrity": "sha512-UKIzYY0EPlxdPlVcHlXoTvsyRK4aLLN3F69drTodxHuMTnUQ1TwmvhQl6zDmvpitjfGRgsigpF2U+eLgB3LSIg==",
      "bundleDependencies": [
        "@ppl/profile-core",
        "@ppl/profile-runtime",
        "@ppl/profile-tutor",
        "@ppl/profile-research"
      ],
      "dependencies": {
        "@ppl/profile-core": "0.2.0",
        "@ppl/profile-research": "0.2.0",
        "@ppl/profile-runtime": "0.2.0",
        "@ppl/profile-tutor": "0.2.0"
      }
    },
    "node_modules/ppl-llm-host-adapter/node_modules/@ppl/profile-core": {
      "version": "0.2.0",
      "inBundle": true
    },
    "node_modules/ppl-llm-host-adapter/node_modules/@ppl/profile-research": {
      "version": "0.2.0",
      "inBundle": true,
      "dependencies": {
        "@ppl/profile-core": "0.2.0"
      }
    },
    "node_modules/ppl-llm-host-adapter/node_modules/@ppl/profile-runtime": {
      "version": "0.2.0",
      "inBundle": true,
      "dependencies": {
        "@ppl/profile-core": "0.2.0",
        "@ppl/profile-research": "0.2.0",
        "@ppl/profile-tutor": "0.2.0"
      }
    },
    "node_modules/ppl-llm-host-adapter/node_modules/@ppl/profile-tutor": {
      "version": "0.2.0",
      "inBundle": true,
      "dependencies": {
        "@ppl/profile-core": "0.2.0"
      }
    }
  }
}
