{
  "name": "ppl-profiles",
  "version": "0.1.0",
  "lockfileVersion": 3,
  "requires": true,
  "packages": {
    "": {
      "name": "ppl-profiles",
      "version": "0.1.0",
      "workspaces": [
        "packages/*"
      ]
    },
    "node_modules/@ppl/profile-core": {
      "resolved": "packages/profile-core",
      "link": true
    },
    "packages/profile-core": {
      "name": "@ppl/profile-core",
      "version": "0.1.0"
    }
  }
}
