{
  "name": "ppl-llm-host-adapter",
  "version": "0.1.6",
  "lockfileVersion": 3,
  "requires": true,
  "packages": {
    "": {
      "name": "ppl-llm-host-adapter",
      "version": "0.1.6",
      "bundleDependencies": [
        "@ppl/profile-core",
        "@ppl/profile-tutor",
        "@ppl/profile-research",
        "@ppl/profile-runtime"
      ],
      "dependencies": {
        "@ppl/profile-core": "0.2.0",
        "@ppl/profile-research": "0.2.0",
        "@ppl/profile-runtime": "0.2.0",
        "@ppl/profile-tutor": "0.2.0"
      }
    },
    "node_modules/@ppl/profile-core": {
      "version": "0.2.0",
      "resolved": "file:vendor/npm/ppl-profile-core-0.2.0.tgz",
      "integrity": "sha512-kjedlSPohxw3G4ctlXRQwlEtaqhOUD9pW21aX0/Q6gl2yeEAzmrnmb1R7nCcAYZWtnkBk6OpUmvy5CDFGu/C+g==",
      "inBundle": true
    },
    "node_modules/@ppl/profile-research": {
      "version": "0.2.0",
      "resolved": "file:vendor/npm/ppl-profile-research-0.2.0.tgz",
      "integrity": "sha512-GLIK6D6wil0J1/Pfk4wuVpHYwUs8/9RDw1/o6rbR0pbtcpyS6B5i3vVVFS+ec0glK2rNX3jR0MQ67tutJ87HKA==",
      "inBundle": true,
      "dependencies": {
        "@ppl/profile-core": "0.2.0"
      }
    },
    "node_modules/@ppl/profile-runtime": {
      "version": "0.2.0",
      "resolved": "file:vendor/npm/ppl-profile-runtime-0.2.0.tgz",
      "integrity": "sha512-jodpLdywqrPtii/1vHKftZm7dmCFF1WMw24SH0iatfETxJgM36vnh1W89CAAiD79FBR/EjRAYCwa+DbvLvgTuw==",
      "inBundle": true,
      "dependencies": {
        "@ppl/profile-core": "0.2.0",
        "@ppl/profile-research": "0.2.0",
        "@ppl/profile-tutor": "0.2.0"
      }
    },
    "node_modules/@ppl/profile-tutor": {
      "version": "0.2.0",
      "resolved": "file:vendor/npm/ppl-profile-tutor-0.2.0.tgz",
      "integrity": "sha512-ZuvQ6TExYJ/VkFgEeDeaLd4XHWobYWUUZqRzZy67bxe7t4cpzVk5Zb9AUfITZ+vvilBmVFJSEr30kJ7ket5HmA==",
      "inBundle": true,
      "dependencies": {
        "@ppl/profile-core": "0.2.0"
      }
    }
  }
}
