{
  "name": "@ppl/multi-agent-governance",
  "version": "0.1.0",
  "lockfileVersion": 3,
  "requires": true,
  "packages": {
    "": {
      "name": "@ppl/multi-agent-governance",
      "version": "0.1.0",
      "license": "MIT",
      "bin": {
        "ppl-mag": "bin/ppl-mag.mjs"
      }
    }
  }
}
